// !$*UTF8*$!
{
	archiveVersion = 1;
	classes = {
	};
	objectVersion = 45;
	objects = {

/* Begin PBXBuildFile section */
		1D3623260D0F684500981E51 /* QTFileParserAppAppDelegate.m in Sources */ = {isa = PBXBuildFile; fileRef = 1D3623250D0F684500981E51 /* QTFileParserAppAppDelegate.m */; };
		1D60589B0D05DD56006BFB54 /* main.m in Sources */ = {isa = PBXBuildFile; fileRef = 29B97316FDCFA39411CA2CEA /* main.m */; };
		1D60589F0D05DD5A006BFB54 /* Foundation.framework in Frameworks */ = {isa = PBXBuildFile; fileRef = 1D30AB110D05D00D00671497 /* Foundation.framework */; };
		1DF5F4E00D08C38300B7A737 /* UIKit.framework in Frameworks */ = {isa = PBXBuildFile; fileRef = 1DF5F4DF0D08C38300B7A737 /* UIKit.framework */; };
		2899E5220DE3E06400AC0155 /* QTFileParserAppViewController.xib in Resources */ = {isa = PBXBuildFile; fileRef = 2899E5210DE3E06400AC0155 /* QTFileParserAppViewController.xib */; };
		28AD733F0D9D9553002E5188 /* MainWindow.xib in Resources */ = {isa = PBXBuildFile; fileRef = 28AD733E0D9D9553002E5188 /* MainWindow.xib */; };
		28D7ACF80DDB3853001CB0EB /* QTFileParserAppViewController.m in Sources */ = {isa = PBXBuildFile; fileRef = 28D7ACF70DDB3853001CB0EB /* QTFileParserAppViewController.m */; };
		CD15C2CF12BC9BDC00A26588 /* MovieControlsView.m in Sources */ = {isa = PBXBuildFile; fileRef = CD15C2C612BC9BDC00A26588 /* MovieControlsView.m */; };
		CD15C2D012BC9BDC00A26588 /* MovieControlsViewController.m in Sources */ = {isa = PBXBuildFile; fileRef = CD15C2C812BC9BDC00A26588 /* MovieControlsViewController.m */; };
		CD15C2D112BC9BDC00A26588 /* MovieTransportBackground.png in Resources */ = {isa = PBXBuildFile; fileRef = CD15C2C912BC9BDC00A26588 /* MovieTransportBackground.png */; };
		CD15C2D212BC9BDC00A26588 /* pause.png in Resources */ = {isa = PBXBuildFile; fileRef = CD15C2CA12BC9BDC00A26588 /* pause.png */; };
		CD15C2D312BC9BDC00A26588 /* play.png in Resources */ = {isa = PBXBuildFile; fileRef = CD15C2CB12BC9BDC00A26588 /* play.png */; };
		CD15C2D412BC9BDC00A26588 /* prevtrack.png in Resources */ = {isa = PBXBuildFile; fileRef = CD15C2CC12BC9BDC00A26588 /* prevtrack.png */; };
		CD15C2D512BC9BDC00A26588 /* VolumeLeftTall.png in Resources */ = {isa = PBXBuildFile; fileRef = CD15C2CD12BC9BDC00A26588 /* VolumeLeftTall.png */; };
		CD15C2D612BC9BDC00A26588 /* VolumeRightTall.png in Resources */ = {isa = PBXBuildFile; fileRef = CD15C2CE12BC9BDC00A26588 /* VolumeRightTall.png */; };
		CD15C2FD12BC9E6E00A26588 /* MediaPlayer.framework in Frameworks */ = {isa = PBXBuildFile; fileRef = CD15C2FC12BC9E6E00A26588 /* MediaPlayer.framework */; };
		CD15C30712BC9E9D00A26588 /* CoreGraphics.framework in Frameworks */ = {isa = PBXBuildFile; fileRef = CD15C30612BC9E9D00A26588 /* CoreGraphics.framework */; };
		CD15C30B12BC9EBB00A26588 /* QuartzCore.framework in Frameworks */ = {isa = PBXBuildFile; fileRef = CD15C30A12BC9EBB00A26588 /* QuartzCore.framework */; };
		CD15C33412BC9EE800A26588 /* AudioToolbox.framework in Frameworks */ = {isa = PBXBuildFile; fileRef = CD15C33312BC9EE800A26588 /* AudioToolbox.framework */; };
		CD15C35112BC9F3B00A26588 /* AVFoundation.framework in Frameworks */ = {isa = PBXBuildFile; fileRef = CD15C35012BC9F3B00A26588 /* AVFoundation.framework */; };
		CD15C54F12BCADA800A26588 /* smiley.png in Resources */ = {isa = PBXBuildFile; fileRef = CD15C54E12BCADA800A26588 /* smiley.png */; };
		CD6198BF12CCFC640003AEAA /* AVFrameDecoder.m in Sources */ = {isa = PBXBuildFile; fileRef = CD6198BE12CCFC640003AEAA /* AVFrameDecoder.m */; };
		CD61994A12CD03FC0003AEAA /* AVQTAnimationFrameDecoder.m in Sources */ = {isa = PBXBuildFile; fileRef = CD61994912CD03FC0003AEAA /* AVQTAnimationFrameDecoder.m */; };
		CD674CA012BF3DB200A6EACE /* Bounce15FPS.mov in Resources */ = {isa = PBXBuildFile; fileRef = CD674C9F12BF3DB200A6EACE /* Bounce15FPS.mov */; };
		CD7A02F012D261A900366AC6 /* AVAnimatorView.m in Sources */ = {isa = PBXBuildFile; fileRef = CD7A02EF12D261A900366AC6 /* AVAnimatorView.m */; };
		CD7D2BF312D510CB0096EDF3 /* CountingLandscape01.png in Resources */ = {isa = PBXBuildFile; fileRef = CD7D2BEE12D510CB0096EDF3 /* CountingLandscape01.png */; };
		CD7D2BF412D510CB0096EDF3 /* CountingLandscape02.png in Resources */ = {isa = PBXBuildFile; fileRef = CD7D2BEF12D510CB0096EDF3 /* CountingLandscape02.png */; };
		CD7D2BF512D510CB0096EDF3 /* CountingLandscape03.png in Resources */ = {isa = PBXBuildFile; fileRef = CD7D2BF012D510CB0096EDF3 /* CountingLandscape03.png */; };
		CD7D2BF612D510CB0096EDF3 /* CountingLandscape04.png in Resources */ = {isa = PBXBuildFile; fileRef = CD7D2BF112D510CB0096EDF3 /* CountingLandscape04.png */; };
		CD7D2BF712D510CB0096EDF3 /* CountingLandscape05.png in Resources */ = {isa = PBXBuildFile; fileRef = CD7D2BF212D510CB0096EDF3 /* CountingLandscape05.png */; };
		CD83D5EE12CA547300A88ABA /* MovieControlsAdaptor.m in Sources */ = {isa = PBXBuildFile; fileRef = CD83D5ED12CA547300A88ABA /* MovieControlsAdaptor.m */; };
		CDB8301E12BD6D780078FEC7 /* Sweep30FPS_ANI16BPP.mov in Resources */ = {isa = PBXBuildFile; fileRef = CDB8301D12BD6D780078FEC7 /* Sweep30FPS_ANI16BPP.mov */; };
		CDECC74112BC6B22001A372F /* QuickTimeLogo.mov in Resources */ = {isa = PBXBuildFile; fileRef = CDECC74012BC6B22001A372F /* QuickTimeLogo.mov */; };
		CDECC75812BC6CA6001A372F /* AVResourceLoader.m in Sources */ = {isa = PBXBuildFile; fileRef = CDECC75212BC6CA6001A372F /* AVResourceLoader.m */; };
		CDECC75912BC6CA6001A372F /* AVAppResourceLoader.m in Sources */ = {isa = PBXBuildFile; fileRef = CDECC75412BC6CA6001A372F /* AVAppResourceLoader.m */; };
		CDECC75A12BC6CA6001A372F /* CGFrameBuffer.m in Sources */ = {isa = PBXBuildFile; fileRef = CDECC75612BC6CA6001A372F /* CGFrameBuffer.m */; };
		CDECC75D12BC6CBC001A372F /* AutoPropertyRelease.m in Sources */ = {isa = PBXBuildFile; fileRef = CDECC75C12BC6CBC001A372F /* AutoPropertyRelease.m */; };
		CDECC75F12BC6CCC001A372F /* movdata.c in Sources */ = {isa = PBXBuildFile; fileRef = CDECC75E12BC6CCC001A372F /* movdata.c */; };
		CDECCE7212D30FE80067D2EE /* AVPNGFrameDecoder.m in Sources */ = {isa = PBXBuildFile; fileRef = CDECCE7112D30FE80067D2EE /* AVPNGFrameDecoder.m */; };
		CDECCF4B12D31BBE0067D2EE /* BouncingBalls01.png in Resources */ = {isa = PBXBuildFile; fileRef = CDECCF2D12D31BBE0067D2EE /* BouncingBalls01.png */; };
		CDECCF4C12D31BBE0067D2EE /* BouncingBalls02.png in Resources */ = {isa = PBXBuildFile; fileRef = CDECCF2E12D31BBE0067D2EE /* BouncingBalls02.png */; };
		CDECCF4D12D31BBE0067D2EE /* BouncingBalls03.png in Resources */ = {isa = PBXBuildFile; fileRef = CDECCF2F12D31BBE0067D2EE /* BouncingBalls03.png */; };
		CDECCF4E12D31BBE0067D2EE /* BouncingBalls04.png in Resources */ = {isa = PBXBuildFile; fileRef = CDECCF3012D31BBE0067D2EE /* BouncingBalls04.png */; };
		CDECCF4F12D31BBE0067D2EE /* BouncingBalls05.png in Resources */ = {isa = PBXBuildFile; fileRef = CDECCF3112D31BBE0067D2EE /* BouncingBalls05.png */; };
		CDECCF5012D31BBE0067D2EE /* BouncingBalls06.png in Resources */ = {isa = PBXBuildFile; fileRef = CDECCF3212D31BBE0067D2EE /* BouncingBalls06.png */; };
		CDECCF5112D31BBE0067D2EE /* BouncingBalls07.png in Resources */ = {isa = PBXBuildFile; fileRef = CDECCF3312D31BBE0067D2EE /* BouncingBalls07.png */; };
		CDECCF5212D31BBE0067D2EE /* BouncingBalls08.png in Resources */ = {isa = PBXBuildFile; fileRef = CDECCF3412D31BBE0067D2EE /* BouncingBalls08.png */; };
		CDECCF5312D31BBE0067D2EE /* BouncingBalls09.png in Resources */ = {isa = PBXBuildFile; fileRef = CDECCF3512D31BBE0067D2EE /* BouncingBalls09.png */; };
		CDECCF5412D31BBE0067D2EE /* BouncingBalls10.png in Resources */ = {isa = PBXBuildFile; fileRef = CDECCF3612D31BBE0067D2EE /* BouncingBalls10.png */; };
		CDECCF5512D31BBE0067D2EE /* BouncingBalls11.png in Resources */ = {isa = PBXBuildFile; fileRef = CDECCF3712D31BBE0067D2EE /* BouncingBalls11.png */; };
		CDECCF5612D31BBE0067D2EE /* BouncingBalls12.png in Resources */ = {isa = PBXBuildFile; fileRef = CDECCF3812D31BBE0067D2EE /* BouncingBalls12.png */; };
		CDECCF5712D31BBE0067D2EE /* BouncingBalls13.png in Resources */ = {isa = PBXBuildFile; fileRef = CDECCF3912D31BBE0067D2EE /* BouncingBalls13.png */; };
		CDECCF5812D31BBE0067D2EE /* BouncingBalls14.png in Resources */ = {isa = PBXBuildFile; fileRef = CDECCF3A12D31BBE0067D2EE /* BouncingBalls14.png */; };
		CDECCF5912D31BBE0067D2EE /* BouncingBalls15.png in Resources */ = {isa = PBXBuildFile; fileRef = CDECCF3B12D31BBE0067D2EE /* BouncingBalls15.png */; };
		CDECCF5A12D31BBE0067D2EE /* BouncingBalls16.png in Resources */ = {isa = PBXBuildFile; fileRef = CDECCF3C12D31BBE0067D2EE /* BouncingBalls16.png */; };
		CDECCF5B12D31BBE0067D2EE /* BouncingBalls17.png in Resources */ = {isa = PBXBuildFile; fileRef = CDECCF3D12D31BBE0067D2EE /* BouncingBalls17.png */; };
		CDECCF5C12D31BBE0067D2EE /* BouncingBalls18.png in Resources */ = {isa = PBXBuildFile; fileRef = CDECCF3E12D31BBE0067D2EE /* BouncingBalls18.png */; };
		CDECCF5D12D31BBE0067D2EE /* BouncingBalls19.png in Resources */ = {isa = PBXBuildFile; fileRef = CDECCF3F12D31BBE0067D2EE /* BouncingBalls19.png */; };
		CDECCF5E12D31BBE0067D2EE /* BouncingBalls20.png in Resources */ = {isa = PBXBuildFile; fileRef = CDECCF4012D31BBE0067D2EE /* BouncingBalls20.png */; };
		CDECCF5F12D31BBE0067D2EE /* BouncingBalls21.png in Resources */ = {isa = PBXBuildFile; fileRef = CDECCF4112D31BBE0067D2EE /* BouncingBalls21.png */; };
		CDECCF6012D31BBE0067D2EE /* BouncingBalls22.png in Resources */ = {isa = PBXBuildFile; fileRef = CDECCF4212D31BBE0067D2EE /* BouncingBalls22.png */; };
		CDECCF6112D31BBE0067D2EE /* BouncingBalls23.png in Resources */ = {isa = PBXBuildFile; fileRef = CDECCF4312D31BBE0067D2EE /* BouncingBalls23.png */; };
		CDECCF6212D31BBE0067D2EE /* BouncingBalls24.png in Resources */ = {isa = PBXBuildFile; fileRef = CDECCF4412D31BBE0067D2EE /* BouncingBalls24.png */; };
		CDECCF6312D31BBE0067D2EE /* BouncingBalls25.png in Resources */ = {isa = PBXBuildFile; fileRef = CDECCF4512D31BBE0067D2EE /* BouncingBalls25.png */; };
		CDECCF6412D31BBE0067D2EE /* BouncingBalls26.png in Resources */ = {isa = PBXBuildFile; fileRef = CDECCF4612D31BBE0067D2EE /* BouncingBalls26.png */; };
		CDECCF6512D31BBE0067D2EE /* BouncingBalls27.png in Resources */ = {isa = PBXBuildFile; fileRef = CDECCF4712D31BBE0067D2EE /* BouncingBalls27.png */; };
		CDECCF6612D31BBE0067D2EE /* BouncingBalls28.png in Resources */ = {isa = PBXBuildFile; fileRef = CDECCF4812D31BBE0067D2EE /* BouncingBalls28.png */; };
		CDECCF6712D31BBE0067D2EE /* BouncingBalls29.png in Resources */ = {isa = PBXBuildFile; fileRef = CDECCF4912D31BBE0067D2EE /* BouncingBalls29.png */; };
		CDECCF6812D31BBE0067D2EE /* BouncingBalls30.png in Resources */ = {isa = PBXBuildFile; fileRef = CDECCF4A12D31BBE0067D2EE /* BouncingBalls30.png */; };
		CDFAD89512D3D50F009DEAF3 /* Counting01.png in Resources */ = {isa = PBXBuildFile; fileRef = CDFAD88D12D3D50F009DEAF3 /* Counting01.png */; };
		CDFAD89612D3D50F009DEAF3 /* Counting02.png in Resources */ = {isa = PBXBuildFile; fileRef = CDFAD88E12D3D50F009DEAF3 /* Counting02.png */; };
		CDFAD89712D3D50F009DEAF3 /* Counting03.png in Resources */ = {isa = PBXBuildFile; fileRef = CDFAD88F12D3D50F009DEAF3 /* Counting03.png */; };
		CDFAD89812D3D50F009DEAF3 /* Counting04.png in Resources */ = {isa = PBXBuildFile; fileRef = CDFAD89012D3D50F009DEAF3 /* Counting04.png */; };
		CDFAD89912D3D50F009DEAF3 /* Counting05.png in Resources */ = {isa = PBXBuildFile; fileRef = CDFAD89112D3D50F009DEAF3 /* Counting05.png */; };
		CDFAD89A12D3D50F009DEAF3 /* Counting06.png in Resources */ = {isa = PBXBuildFile; fileRef = CDFAD89212D3D50F009DEAF3 /* Counting06.png */; };
		CDFAD89B12D3D50F009DEAF3 /* Counting07.png in Resources */ = {isa = PBXBuildFile; fileRef = CDFAD89312D3D50F009DEAF3 /* Counting07.png */; };
		CDFAD89C12D3D50F009DEAF3 /* Counting08.png in Resources */ = {isa = PBXBuildFile; fileRef = CDFAD89412D3D50F009DEAF3 /* Counting08.png */; };
/* End PBXBuildFile section */

/* Begin PBXFileReference section */
		1D30AB110D05D00D00671497 /* Foundation.framework */ = {isa = PBXFileReference; lastKnownFileType = wrapper.framework; name = Foundation.framework; path = System/Library/Frameworks/Foundation.framework; sourceTree = SDKROOT; };
		1D3623240D0F684500981E51 /* QTFileParserAppAppDelegate.h */ = {isa = PBXFileReference; fileEncoding = 4; lastKnownFileType = sourcecode.c.h; path = QTFileParserAppAppDelegate.h; sourceTree = "<group>"; };
		1D3623250D0F684500981E51 /* QTFileParserAppAppDelegate.m */ = {isa = PBXFileReference; fileEncoding = 4; lastKnownFileType = sourcecode.c.objc; path = QTFileParserAppAppDelegate.m; sourceTree = "<group>"; };
		1D6058910D05DD3D006BFB54 /* QTFileParserApp.app */ = {isa = PBXFileReference; explicitFileType = wrapper.application; includeInIndex = 0; path = QTFileParserApp.app; sourceTree = BUILT_PRODUCTS_DIR; };
		1DF5F4DF0D08C38300B7A737 /* UIKit.framework */ = {isa = PBXFileReference; lastKnownFileType = wrapper.framework; name = UIKit.framework; path = System/Library/Frameworks/UIKit.framework; sourceTree = SDKROOT; };
		2899E5210DE3E06400AC0155 /* QTFileParserAppViewController.xib */ = {isa = PBXFileReference; lastKnownFileType = file.xib; path = QTFileParserAppViewController.xib; sourceTree = "<group>"; };
		28AD733E0D9D9553002E5188 /* MainWindow.xib */ = {isa = PBXFileReference; lastKnownFileType = file.xib; path = MainWindow.xib; sourceTree = "<group>"; };
		28D7ACF60DDB3853001CB0EB /* QTFileParserAppViewController.h */ = {isa = PBXFileReference; fileEncoding = 4; lastKnownFileType = sourcecode.c.h; path = QTFileParserAppViewController.h; sourceTree = "<group>"; };
		28D7ACF70DDB3853001CB0EB /* QTFileParserAppViewController.m */ = {isa = PBXFileReference; fileEncoding = 4; lastKnownFileType = sourcecode.c.objc; path = QTFileParserAppViewController.m; sourceTree = "<group>"; };
		29B97316FDCFA39411CA2CEA /* main.m */ = {isa = PBXFileReference; fileEncoding = 4; lastKnownFileType = sourcecode.c.objc; path = main.m; sourceTree = "<group>"; };
		32CA4F630368D1EE00C91783 /* QTFileParserApp_Prefix.pch */ = {isa = PBXFileReference; fileEncoding = 4; lastKnownFileType = sourcecode.c.h; path = QTFileParserApp_Prefix.pch; sourceTree = "<group>"; };
		8D1107310486CEB800E47090 /* QTFileParserApp-Info.plist */ = {isa = PBXFileReference; fileEncoding = 4; lastKnownFileType = text.plist.xml; path = "QTFileParserApp-Info.plist"; plistStructureDefinitionIdentifier = "com.apple.xcode.plist.structure-definition.iphone.info-plist"; sourceTree = "<group>"; };
		CD15C2C512BC9BDC00A26588 /* MovieControlsView.h */ = {isa = PBXFileReference; fileEncoding = 4; lastKnownFileType = sourcecode.c.h; path = MovieControlsView.h; sourceTree = "<group>"; };
		CD15C2C612BC9BDC00A26588 /* MovieControlsView.m */ = {isa = PBXFileReference; fileEncoding = 4; lastKnownFileType = sourcecode.c.objc; path = MovieControlsView.m; sourceTree = "<group>"; };
		CD15C2C712BC9BDC00A26588 /* MovieControlsViewController.h */ = {isa = PBXFileReference; fileEncoding = 4; lastKnownFileType = sourcecode.c.h; path = MovieControlsViewController.h; sourceTree = "<group>"; };
		CD15C2C812BC9BDC00A26588 /* MovieControlsViewController.m */ = {isa = PBXFileReference; fileEncoding = 4; lastKnownFileType = sourcecode.c.objc; path = MovieControlsViewController.m; sourceTree = "<group>"; };
		CD15C2C912BC9BDC00A26588 /* MovieTransportBackground.png */ = {isa = PBXFileReference; lastKnownFileType = image.png; path = MovieTransportBackground.png; sourceTree = "<group>"; };
		CD15C2CA12BC9BDC00A26588 /* pause.png */ = {isa = PBXFileReference; lastKnownFileType = image.png; path = pause.png; sourceTree = "<group>"; };
		CD15C2CB12BC9BDC00A26588 /* play.png */ = {isa = PBXFileReference; lastKnownFileType = image.png; path = play.png; sourceTree = "<group>"; };
		CD15C2CC12BC9BDC00A26588 /* prevtrack.png */ = {isa = PBXFileReference; lastKnownFileType = image.png; path = prevtrack.png; sourceTree = "<group>"; };
		CD15C2CD12BC9BDC00A26588 /* VolumeLeftTall.png */ = {isa = PBXFileReference; lastKnownFileType = image.png; path = VolumeLeftTall.png; sourceTree = "<group>"; };
		CD15C2CE12BC9BDC00A26588 /* VolumeRightTall.png */ = {isa = PBXFileReference; lastKnownFileType = image.png; path = VolumeRightTall.png; sourceTree = "<group>"; };
		CD15C2FC12BC9E6E00A26588 /* MediaPlayer.framework */ = {isa = PBXFileReference; lastKnownFileType = wrapper.framework; name = MediaPlayer.framework; path = System/Library/Frameworks/MediaPlayer.framework; sourceTree = SDKROOT; };
		CD15C30612BC9E9D00A26588 /* CoreGraphics.framework */ = {isa = PBXFileReference; lastKnownFileType = wrapper.framework; name = CoreGraphics.framework; path = System/Library/Frameworks/CoreGraphics.framework; sourceTree = SDKROOT; };
		CD15C30A12BC9EBB00A26588 /* QuartzCore.framework */ = {isa = PBXFileReference; lastKnownFileType = wrapper.framework; name = QuartzCore.framework; path = System/Library/Frameworks/QuartzCore.framework; sourceTree = SDKROOT; };
		CD15C33312BC9EE800A26588 /* AudioToolbox.framework */ = {isa = PBXFileReference; lastKnownFileType = wrapper.framework; name = AudioToolbox.framework; path = System/Library/Frameworks/AudioToolbox.framework; sourceTree = SDKROOT; };
		CD15C35012BC9F3B00A26588 /* AVFoundation.framework */ = {isa = PBXFileReference; lastKnownFileType = wrapper.framework; name = AVFoundation.framework; path = System/Library/Frameworks/AVFoundation.framework; sourceTree = SDKROOT; };
		CD15C54E12BCADA800A26588 /* smiley.png */ = {isa = PBXFileReference; lastKnownFileType = image.png; path = smiley.png; sourceTree = "<group>"; };
		CD6198BD12CCFC640003AEAA /* AVFrameDecoder.h */ = {isa = PBXFileReference; fileEncoding = 4; lastKnownFileType = sourcecode.c.h; path = AVFrameDecoder.h; sourceTree = "<group>"; };
		CD6198BE12CCFC640003AEAA /* AVFrameDecoder.m */ = {isa = PBXFileReference; fileEncoding = 4; lastKnownFileType = sourcecode.c.objc; path = AVFrameDecoder.m; sourceTree = "<group>"; };
		CD61994812CD03FC0003AEAA /* AVQTAnimationFrameDecoder.h */ = {isa = PBXFileReference; fileEncoding = 4; lastKnownFileType = sourcecode.c.h; path = AVQTAnimationFrameDecoder.h; sourceTree = "<group>"; };
		CD61994912CD03FC0003AEAA /* AVQTAnimationFrameDecoder.m */ = {isa = PBXFileReference; fileEncoding = 4; lastKnownFileType = sourcecode.c.objc; path = AVQTAnimationFrameDecoder.m; sourceTree = "<group>"; };
		CD674C9F12BF3DB200A6EACE /* Bounce15FPS.mov */ = {isa = PBXFileReference; lastKnownFileType = video.quicktime; path = Bounce15FPS.mov; sourceTree = "<group>"; };
		CD7A02EE12D261A900366AC6 /* AVAnimatorView.h */ = {isa = PBXFileReference; fileEncoding = 4; lastKnownFileType = sourcecode.c.h; path = AVAnimatorView.h; sourceTree = "<group>"; };
		CD7A02EF12D261A900366AC6 /* AVAnimatorView.m */ = {isa = PBXFileReference; fileEncoding = 4; lastKnownFileType = sourcecode.c.objc; path = AVAnimatorView.m; sourceTree = "<group>"; };
		CD7D2BEE12D510CB0096EDF3 /* CountingLandscape01.png */ = {isa = PBXFileReference; lastKnownFileType = image.png; path = CountingLandscape01.png; sourceTree = "<group>"; };
		CD7D2BEF12D510CB0096EDF3 /* CountingLandscape02.png */ = {isa = PBXFileReference; lastKnownFileType = image.png; path = CountingLandscape02.png; sourceTree = "<group>"; };
		CD7D2BF012D510CB0096EDF3 /* CountingLandscape03.png */ = {isa = PBXFileReference; lastKnownFileType = image.png; path = CountingLandscape03.png; sourceTree = "<group>"; };
		CD7D2BF112D510CB0096EDF3 /* CountingLandscape04.png */ = {isa = PBXFileReference; lastKnownFileType = image.png; path = CountingLandscape04.png; sourceTree = "<group>"; };
		CD7D2BF212D510CB0096EDF3 /* CountingLandscape05.png */ = {isa = PBXFileReference; lastKnownFileType = image.png; path = CountingLandscape05.png; sourceTree = "<group>"; };
		CD83D5ED12CA547300A88ABA /* MovieControlsAdaptor.m */ = {isa = PBXFileReference; fileEncoding = 4; lastKnownFileType = sourcecode.c.objc; path = MovieControlsAdaptor.m; sourceTree = "<group>"; };
		CD83D5F512CA549000A88ABA /* MovieControlsAdaptor.h */ = {isa = PBXFileReference; fileEncoding = 4; lastKnownFileType = sourcecode.c.h; path = MovieControlsAdaptor.h; sourceTree = "<group>"; };
		CDB8301D12BD6D780078FEC7 /* Sweep30FPS_ANI16BPP.mov */ = {isa = PBXFileReference; lastKnownFileType = video.quicktime; path = Sweep30FPS_ANI16BPP.mov; sourceTree = "<group>"; };
		CDECC74012BC6B22001A372F /* QuickTimeLogo.mov */ = {isa = PBXFileReference; lastKnownFileType = video.quicktime; path = QuickTimeLogo.mov; sourceTree = "<group>"; };
		CDECC75112BC6CA6001A372F /* AVResourceLoader.h */ = {isa = PBXFileReference; fileEncoding = 4; lastKnownFileType = sourcecode.c.h; path = AVResourceLoader.h; sourceTree = "<group>"; };
		CDECC75212BC6CA6001A372F /* AVResourceLoader.m */ = {isa = PBXFileReference; fileEncoding = 4; lastKnownFileType = sourcecode.c.objc; path = AVResourceLoader.m; sourceTree = "<group>"; };
		CDECC75312BC6CA6001A372F /* AVAppResourceLoader.h */ = {isa = PBXFileReference; fileEncoding = 4; lastKnownFileType = sourcecode.c.h; path = AVAppResourceLoader.h; sourceTree = "<group>"; };
		CDECC75412BC6CA6001A372F /* AVAppResourceLoader.m */ = {isa = PBXFileReference; fileEncoding = 4; lastKnownFileType = sourcecode.c.objc; path = AVAppResourceLoader.m; sourceTree = "<group>"; };
		CDECC75512BC6CA6001A372F /* CGFrameBuffer.h */ = {isa = PBXFileReference; fileEncoding = 4; lastKnownFileType = sourcecode.c.h; path = CGFrameBuffer.h; sourceTree = "<group>"; };
		CDECC75612BC6CA6001A372F /* CGFrameBuffer.m */ = {isa = PBXFileReference; fileEncoding = 4; lastKnownFileType = sourcecode.c.objc; path = CGFrameBuffer.m; sourceTree = "<group>"; };
		CDECC75B12BC6CBC001A372F /* AutoPropertyRelease.h */ = {isa = PBXFileReference; fileEncoding = 4; lastKnownFileType = sourcecode.c.h; path = AutoPropertyRelease.h; sourceTree = "<group>"; };
		CDECC75C12BC6CBC001A372F /* AutoPropertyRelease.m */ = {isa = PBXFileReference; fileEncoding = 4; lastKnownFileType = sourcecode.c.objc; path = AutoPropertyRelease.m; sourceTree = "<group>"; };
		CDECC75E12BC6CCC001A372F /* movdata.c */ = {isa = PBXFileReference; fileEncoding = 4; lastKnownFileType = sourcecode.c.c; path = movdata.c; sourceTree = "<group>"; };
		CDECC8FA12BC837D001A372F /* movdata.h */ = {isa = PBXFileReference; fileEncoding = 4; lastKnownFileType = sourcecode.c.h; path = movdata.h; sourceTree = "<group>"; };
		CDECCE7012D30FE80067D2EE /* AVPNGFrameDecoder.h */ = {isa = PBXFileReference; fileEncoding = 4; lastKnownFileType = sourcecode.c.h; path = AVPNGFrameDecoder.h; sourceTree = "<group>"; };
		CDECCE7112D30FE80067D2EE /* AVPNGFrameDecoder.m */ = {isa = PBXFileReference; fileEncoding = 4; lastKnownFileType = sourcecode.c.objc; path = AVPNGFrameDecoder.m; sourceTree = "<group>"; };
		CDECCF2D12D31BBE0067D2EE /* BouncingBalls01.png */ = {isa = PBXFileReference; lastKnownFileType = image.png; path = BouncingBalls01.png; sourceTree = "<group>"; };
		CDECCF2E12D31BBE0067D2EE /* BouncingBalls02.png */ = {isa = PBXFileReference; lastKnownFileType = image.png; path = BouncingBalls02.png; sourceTree = "<group>"; };
		CDECCF2F12D31BBE0067D2EE /* BouncingBalls03.png */ = {isa = PBXFileReference; lastKnownFileType = image.png; path = BouncingBalls03.png; sourceTree = "<group>"; };
		CDECCF3012D31BBE0067D2EE /* BouncingBalls04.png */ = {isa = PBXFileReference; lastKnownFileType = image.png; path = BouncingBalls04.png; sourceTree = "<group>"; };
		CDECCF3112D31BBE0067D2EE /* BouncingBalls05.png */ = {isa = PBXFileReference; lastKnownFileType = image.png; path = BouncingBalls05.png; sourceTree = "<group>"; };
		CDECCF3212D31BBE0067D2EE /* BouncingBalls06.png */ = {isa = PBXFileReference; lastKnownFileType = image.png; path = BouncingBalls06.png; sourceTree = "<group>"; };
		CDECCF3312D31BBE0067D2EE /* BouncingBalls07.png */ = {isa = PBXFileReference; lastKnownFileType = image.png; path = BouncingBalls07.png; sourceTree = "<group>"; };
		CDECCF3412D31BBE0067D2EE /* BouncingBalls08.png */ = {isa = PBXFileReference; lastKnownFileType = image.png; path = BouncingBalls08.png; sourceTree = "<group>"; };
		CDECCF3512D31BBE0067D2EE /* BouncingBalls09.png */ = {isa = PBXFileReference; lastKnownFileType = image.png; path = BouncingBalls09.png; sourceTree = "<group>"; };
		CDECCF3612D31BBE0067D2EE /* BouncingBalls10.png */ = {isa = PBXFileReference; lastKnownFileType = image.png; path = BouncingBalls10.png; sourceTree = "<group>"; };
		CDECCF3712D31BBE0067D2EE /* BouncingBalls11.png */ = {isa = PBXFileReference; lastKnownFileType = image.png; path = BouncingBalls11.png; sourceTree = "<group>"; };
		CDECCF3812D31BBE0067D2EE /* BouncingBalls12.png */ = {isa = PBXFileReference; lastKnownFileType = image.png; path = BouncingBalls12.png; sourceTree = "<group>"; };
		CDECCF3912D31BBE0067D2EE /* BouncingBalls13.png */ = {isa = PBXFileReference; lastKnownFileType = image.png; path = BouncingBalls13.png; sourceTree = "<group>"; };
		CDECCF3A12D31BBE0067D2EE /* BouncingBalls14.png */ = {isa = PBXFileReference; lastKnownFileType = image.png; path = BouncingBalls14.png; sourceTree = "<group>"; };
		CDECCF3B12D31BBE0067D2EE /* BouncingBalls15.png */ = {isa = PBXFileReference; lastKnownFileType = image.png; path = BouncingBalls15.png; sourceTree = "<group>"; };
		CDECCF3C12D31BBE0067D2EE /* BouncingBalls16.png */ = {isa = PBXFileReference; lastKnownFileType = image.png; path = BouncingBalls16.png; sourceTree = "<group>"; };
		CDECCF3D12D31BBE0067D2EE /* BouncingBalls17.png */ = {isa = PBXFileReference; lastKnownFileType = image.png; path = BouncingBalls17.png; sourceTree = "<group>"; };
		CDECCF3E12D31BBE0067D2EE /* BouncingBalls18.png */ = {isa = PBXFileReference; lastKnownFileType = image.png; path = BouncingBalls18.png; sourceTree = "<group>"; };
		CDECCF3F12D31BBE0067D2EE /* BouncingBalls19.png */ = {isa = PBXFileReference; lastKnownFileType = image.png; path = BouncingBalls19.png; sourceTree = "<group>"; };
		CDECCF4012D31BBE0067D2EE /* BouncingBalls20.png */ = {isa = PBXFileReference; lastKnownFileType = image.png; path = BouncingBalls20.png; sourceTree = "<group>"; };
		CDECCF4112D31BBE0067D2EE /* BouncingBalls21.png */ = {isa = PBXFileReference; lastKnownFileType = image.png; path = BouncingBalls21.png; sourceTree = "<group>"; };
		CDECCF4212D31BBE0067D2EE /* BouncingBalls22.png */ = {isa = PBXFileReference; lastKnownFileType = image.png; path = BouncingBalls22.png; sourceTree = "<group>"; };
		CDECCF4312D31BBE0067D2EE /* BouncingBalls23.png */ = {isa = PBXFileReference; lastKnownFileType = image.png; path = BouncingBalls23.png; sourceTree = "<group>"; };
		CDECCF4412D31BBE0067D2EE /* BouncingBalls24.png */ = {isa = PBXFileReference; lastKnownFileType = image.png; path = BouncingBalls24.png; sourceTree = "<group>"; };
		CDECCF4512D31BBE0067D2EE /* BouncingBalls25.png */ = {isa = PBXFileReference; lastKnownFileType = image.png; path = BouncingBalls25.png; sourceTree = "<group>"; };
		CDECCF4612D31BBE0067D2EE /* BouncingBalls26.png */ = {isa = PBXFileReference; lastKnownFileType = image.png; path = BouncingBalls26.png; sourceTree = "<group>"; };
		CDECCF4712D31BBE0067D2EE /* BouncingBalls27.png */ = {isa = PBXFileReference; lastKnownFileType = image.png; path = BouncingBalls27.png; sourceTree = "<group>"; };
		CDECCF4812D31BBE0067D2EE /* BouncingBalls28.png */ = {isa = PBXFileReference; lastKnownFileType = image.png; path = BouncingBalls28.png; sourceTree = "<group>"; };
		CDECCF4912D31BBE0067D2EE /* BouncingBalls29.png */ = {isa = PBXFileReference; lastKnownFileType = image.png; path = BouncingBalls29.png; sourceTree = "<group>"; };
		CDECCF4A12D31BBE0067D2EE /* BouncingBalls30.png */ = {isa = PBXFileReference; lastKnownFileType = image.png; path = BouncingBalls30.png; sourceTree = "<group>"; };
		CDFAD88D12D3D50F009DEAF3 /* Counting01.png */ = {isa = PBXFileReference; lastKnownFileType = image.png; path = Counting01.png; sourceTree = "<group>"; };
		CDFAD88E12D3D50F009DEAF3 /* Counting02.png */ = {isa = PBXFileReference; lastKnownFileType = image.png; path = Counting02.png; sourceTree = "<group>"; };
		CDFAD88F12D3D50F009DEAF3 /* Counting03.png */ = {isa = PBXFileReference; lastKnownFileType = image.png; path = Counting03.png; sourceTree = "<group>"; };
		CDFAD89012D3D50F009DEAF3 /* Counting04.png */ = {isa = PBXFileReference; lastKnownFileType = image.png; path = Counting04.png; sourceTree = "<group>"; };
		CDFAD89112D3D50F009DEAF3 /* Counting05.png */ = {isa = PBXFileReference; lastKnownFileType = image.png; path = Counting05.png; sourceTree = "<group>"; };
		CDFAD89212D3D50F009DEAF3 /* Counting06.png */ = {isa = PBXFileReference; lastKnownFileType = image.png; path = Counting06.png; sourceTree = "<group>"; };
		CDFAD89312D3D50F009DEAF3 /* Counting07.png */ = {isa = PBXFileReference; lastKnownFileType = image.png; path = Counting07.png; sourceTree = "<group>"; };
		CDFAD89412D3D50F009DEAF3 /* Counting08.png */ = {isa = PBXFileReference; lastKnownFileType = image.png; path = Counting08.png; sourceTree = "<group>"; };
/* End PBXFileReference section */

/* Begin PBXFrameworksBuildPhase section */
		1D60588F0D05DD3D006BFB54 /* Frameworks */ = {
			isa = PBXFrameworksBuildPhase;
			buildActionMask = 2147483647;
			files = (
				1D60589F0D05DD5A006BFB54 /* Foundation.framework in Frameworks */,
				1DF5F4E00D08C38300B7A737 /* UIKit.framework in Frameworks */,
				CD15C2FD12BC9E6E00A26588 /* MediaPlayer.framework in Frameworks */,
				CD15C30712BC9E9D00A26588 /* CoreGraphics.framework in Frameworks */,
				CD15C30B12BC9EBB00A26588 /* QuartzCore.framework in Frameworks */,
				CD15C33412BC9EE800A26588 /* AudioToolbox.framework in Frameworks */,
				CD15C35112BC9F3B00A26588 /* AVFoundation.framework in Frameworks */,
			);
			runOnlyForDeploymentPostprocessing = 0;
		};
/* End PBXFrameworksBuildPhase section */

/* Begin PBXGroup section */
		080E96DDFE201D6D7F000001 /* Classes */ = {
			isa = PBXGroup;
			children = (
				CD15C2C412BC9BDC00A26588 /* MovieControls */,
				CDECC74E12BC6CA6001A372F /* AVAnimator */,
				1D3623240D0F684500981E51 /* QTFileParserAppAppDelegate.h */,
				1D3623250D0F684500981E51 /* QTFileParserAppAppDelegate.m */,
				28D7ACF60DDB3853001CB0EB /* QTFileParserAppViewController.h */,
				28D7ACF70DDB3853001CB0EB /* QTFileParserAppViewController.m */,
				CD83D5F512CA549000A88ABA /* MovieControlsAdaptor.h */,
				CD83D5ED12CA547300A88ABA /* MovieControlsAdaptor.m */,
				CDECC75B12BC6CBC001A372F /* AutoPropertyRelease.h */,
				CDECC75C12BC6CBC001A372F /* AutoPropertyRelease.m */,
				CDECC8FA12BC837D001A372F /* movdata.h */,
				CDECC75E12BC6CCC001A372F /* movdata.c */,
			);
			path = Classes;
			sourceTree = "<group>";
		};
		19C28FACFE9D520D11CA2CBB /* Products */ = {
			isa = PBXGroup;
			children = (
				1D6058910D05DD3D006BFB54 /* QTFileParserApp.app */,
			);
			name = Products;
			sourceTree = "<group>";
		};
		29B97314FDCFA39411CA2CEA /* CustomTemplate */ = {
			isa = PBXGroup;
			children = (
				080E96DDFE201D6D7F000001 /* Classes */,
				29B97315FDCFA39411CA2CEA /* Other Sources */,
				29B97317FDCFA39411CA2CEA /* Resources */,
				29B97323FDCFA39411CA2CEA /* Frameworks */,
				19C28FACFE9D520D11CA2CBB /* Products */,
			);
			name = CustomTemplate;
			sourceTree = "<group>";
		};
		29B97315FDCFA39411CA2CEA /* Other Sources */ = {
			isa = PBXGroup;
			children = (
				32CA4F630368D1EE00C91783 /* QTFileParserApp_Prefix.pch */,
				29B97316FDCFA39411CA2CEA /* main.m */,
			);
			name = "Other Sources";
			sourceTree = "<group>";
		};
		29B97317FDCFA39411CA2CEA /* Resources */ = {
			isa = PBXGroup;
			children = (
				CD7D2BED12D510CB0096EDF3 /* CountingLandscape */,
				CDFAD88C12D3D50F009DEAF3 /* CountingAnimation */,
				CDECCF2C12D31BBE0067D2EE /* AnimationFrames */,
				CD674C9F12BF3DB200A6EACE /* Bounce15FPS.mov */,
				CDB8301D12BD6D780078FEC7 /* Sweep30FPS_ANI16BPP.mov */,
				CD15C54E12BCADA800A26588 /* smiley.png */,
				CDECC74012BC6B22001A372F /* QuickTimeLogo.mov */,
				2899E5210DE3E06400AC0155 /* QTFileParserAppViewController.xib */,
				28AD733E0D9D9553002E5188 /* MainWindow.xib */,
				8D1107310486CEB800E47090 /* QTFileParserApp-Info.plist */,
			);
			name = Resources;
			sourceTree = "<group>";
		};
		29B97323FDCFA39411CA2CEA /* Frameworks */ = {
			isa = PBXGroup;
			children = (
				CD15C35012BC9F3B00A26588 /* AVFoundation.framework */,
				CD15C33312BC9EE800A26588 /* AudioToolbox.framework */,
				CD15C30A12BC9EBB00A26588 /* QuartzCore.framework */,
				CD15C2FC12BC9E6E00A26588 /* MediaPlayer.framework */,
				1DF5F4DF0D08C38300B7A737 /* UIKit.framework */,
				1D30AB110D05D00D00671497 /* Foundation.framework */,
				CD15C30612BC9E9D00A26588 /* CoreGraphics.framework */,
			);
			name = Frameworks;
			sourceTree = "<group>";
		};
		CD15C2C412BC9BDC00A26588 /* MovieControls */ = {
			isa = PBXGroup;
			children = (
				CD15C2C512BC9BDC00A26588 /* MovieControlsView.h */,
				CD15C2C612BC9BDC00A26588 /* MovieControlsView.m */,
				CD15C2C712BC9BDC00A26588 /* MovieControlsViewController.h */,
				CD15C2C812BC9BDC00A26588 /* MovieControlsViewController.m */,
				CD15C2C912BC9BDC00A26588 /* MovieTransportBackground.png */,
				CD15C2CA12BC9BDC00A26588 /* pause.png */,
				CD15C2CB12BC9BDC00A26588 /* play.png */,
				CD15C2CC12BC9BDC00A26588 /* prevtrack.png */,
				CD15C2CD12BC9BDC00A26588 /* VolumeLeftTall.png */,
				CD15C2CE12BC9BDC00A26588 /* VolumeRightTall.png */,
			);
			path = MovieControls;
			sourceTree = "<group>";
		};
		CD7D2BED12D510CB0096EDF3 /* CountingLandscape */ = {
			isa = PBXGroup;
			children = (
				CD7D2BEE12D510CB0096EDF3 /* CountingLandscape01.png */,
				CD7D2BEF12D510CB0096EDF3 /* CountingLandscape02.png */,
				CD7D2BF012D510CB0096EDF3 /* CountingLandscape03.png */,
				CD7D2BF112D510CB0096EDF3 /* CountingLandscape04.png */,
				CD7D2BF212D510CB0096EDF3 /* CountingLandscape05.png */,
			);
			path = CountingLandscape;
			sourceTree = "<group>";
		};
		CDECC74E12BC6CA6001A372F /* AVAnimator */ = {
			isa = PBXGroup;
			children = (
				CD7A02EE12D261A900366AC6 /* AVAnimatorView.h */,
				CD7A02EF12D261A900366AC6 /* AVAnimatorView.m */,
				CDECC75512BC6CA6001A372F /* CGFrameBuffer.h */,
				CDECC75612BC6CA6001A372F /* CGFrameBuffer.m */,
				CDECC75112BC6CA6001A372F /* AVResourceLoader.h */,
				CDECC75212BC6CA6001A372F /* AVResourceLoader.m */,
				CDECC75312BC6CA6001A372F /* AVAppResourceLoader.h */,
				CDECC75412BC6CA6001A372F /* AVAppResourceLoader.m */,
				CD6198BD12CCFC640003AEAA /* AVFrameDecoder.h */,
				CD6198BE12CCFC640003AEAA /* AVFrameDecoder.m */,
				CD61994812CD03FC0003AEAA /* AVQTAnimationFrameDecoder.h */,
				CD61994912CD03FC0003AEAA /* AVQTAnimationFrameDecoder.m */,
				CDECCE7012D30FE80067D2EE /* AVPNGFrameDecoder.h */,
				CDECCE7112D30FE80067D2EE /* AVPNGFrameDecoder.m */,
			);
			path = AVAnimator;
			sourceTree = "<group>";
		};
		CDECCF2C12D31BBE0067D2EE /* AnimationFrames */ = {
			isa = PBXGroup;
			children = (
				CDECCF2D12D31BBE0067D2EE /* BouncingBalls01.png */,
				CDECCF2E12D31BBE0067D2EE /* BouncingBalls02.png */,
				CDECCF2F12D31BBE0067D2EE /* BouncingBalls03.png */,
				CDECCF3012D31BBE0067D2EE /* BouncingBalls04.png */,
				CDECCF3112D31BBE0067D2EE /* BouncingBalls05.png */,
				CDECCF3212D31BBE0067D2EE /* BouncingBalls06.png */,
				CDECCF3312D31BBE0067D2EE /* BouncingBalls07.png */,
				CDECCF3412D31BBE0067D2EE /* BouncingBalls08.png */,
				CDECCF3512D31BBE0067D2EE /* BouncingBalls09.png */,
				CDECCF3612D31BBE0067D2EE /* BouncingBalls10.png */,
				CDECCF3712D31BBE0067D2EE /* BouncingBalls11.png */,
				CDECCF3812D31BBE0067D2EE /* BouncingBalls12.png */,
				CDECCF3912D31BBE0067D2EE /* BouncingBalls13.png */,
				CDECCF3A12D31BBE0067D2EE /* BouncingBalls14.png */,
				CDECCF3B12D31BBE0067D2EE /* BouncingBalls15.png */,
				CDECCF3C12D31BBE0067D2EE /* BouncingBalls16.png */,
				CDECCF3D12D31BBE0067D2EE /* BouncingBalls17.png */,
				CDECCF3E12D31BBE0067D2EE /* BouncingBalls18.png */,
				CDECCF3F12D31BBE0067D2EE /* BouncingBalls19.png */,
				CDECCF4012D31BBE0067D2EE /* BouncingBalls20.png */,
				CDECCF4112D31BBE0067D2EE /* BouncingBalls21.png */,
				CDECCF4212D31BBE0067D2EE /* BouncingBalls22.png */,
				CDECCF4312D31BBE0067D2EE /* BouncingBalls23.png */,
				CDECCF4412D31BBE0067D2EE /* BouncingBalls24.png */,
				CDECCF4512D31BBE0067D2EE /* BouncingBalls25.png */,
				CDECCF4612D31BBE0067D2EE /* BouncingBalls26.png */,
				CDECCF4712D31BBE0067D2EE /* BouncingBalls27.png */,
				CDECCF4812D31BBE0067D2EE /* BouncingBalls28.png */,
				CDECCF4912D31BBE0067D2EE /* BouncingBalls29.png */,
				CDECCF4A12D31BBE0067D2EE /* BouncingBalls30.png */,
			);
			path = AnimationFrames;
			sourceTree = "<group>";
		};
		CDFAD88C12D3D50F009DEAF3 /* CountingAnimation */ = {
			isa = PBXGroup;
			children = (
				CDFAD88D12D3D50F009DEAF3 /* Counting01.png */,
				CDFAD88E12D3D50F009DEAF3 /* Counting02.png */,
				CDFAD88F12D3D50F009DEAF3 /* Counting03.png */,
				CDFAD89012D3D50F009DEAF3 /* Counting04.png */,
				CDFAD89112D3D50F009DEAF3 /* Counting05.png */,
				CDFAD89212D3D50F009DEAF3 /* Counting06.png */,
				CDFAD89312D3D50F009DEAF3 /* Counting07.png */,
				CDFAD89412D3D50F009DEAF3 /* Counting08.png */,
			);
			path = CountingAnimation;
			sourceTree = "<group>";
		};
/* End PBXGroup section */

/* Begin PBXNativeTarget section */
		1D6058900D05DD3D006BFB54 /* QTFileParserApp */ = {
			isa = PBXNativeTarget;
			buildConfigurationList = 1D6058960D05DD3E006BFB54 /* Build configuration list for PBXNativeTarget "QTFileParserApp" */;
			buildPhases = (
				1D60588D0D05DD3D006BFB54 /* Resources */,
				1D60588E0D05DD3D006BFB54 /* Sources */,
				1D60588F0D05DD3D006BFB54 /* Frameworks */,
			);
			buildRules = (
			);
			dependencies = (
			);
			name = QTFileParserApp;
			productName = QTFileParserApp;
			productReference = 1D6058910D05DD3D006BFB54 /* QTFileParserApp.app */;
			productType = "com.apple.product-type.application";
		};
/* End PBXNativeTarget section */

/* Begin PBXProject section */
		29B97313FDCFA39411CA2CEA /* Project object */ = {
			isa = PBXProject;
			buildConfigurationList = C01FCF4E08A954540054247B /* Build configuration list for PBXProject "QTFileParserApp" */;
			compatibilityVersion = "Xcode 3.1";
			developmentRegion = English;
			hasScannedForEncodings = 1;
			knownRegions = (
				English,
				Japanese,
				French,
				German,
			);
			mainGroup = 29B97314FDCFA39411CA2CEA /* CustomTemplate */;
			projectDirPath = "";
			projectRoot = "";
			targets = (
				1D6058900D05DD3D006BFB54 /* QTFileParserApp */,
			);
		};
/* End PBXProject section */

/* Begin PBXResourcesBuildPhase section */
		1D60588D0D05DD3D006BFB54 /* Resources */ = {
			isa = PBXResourcesBuildPhase;
			buildActionMask = 2147483647;
			files = (
				28AD733F0D9D9553002E5188 /* MainWindow.xib in Resources */,
				2899E5220DE3E06400AC0155 /* QTFileParserAppViewController.xib in Resources */,
				CDECC74112BC6B22001A372F /* QuickTimeLogo.mov in Resources */,
				CD15C2D112BC9BDC00A26588 /* MovieTransportBackground.png in Resources */,
				CD15C2D212BC9BDC00A26588 /* pause.png in Resources */,
				CD15C2D312BC9BDC00A26588 /* play.png in Resources */,
				CD15C2D412BC9BDC00A26588 /* prevtrack.png in Resources */,
				CD15C2D512BC9BDC00A26588 /* VolumeLeftTall.png in Resources */,
				CD15C2D612BC9BDC00A26588 /* VolumeRightTall.png in Resources */,
				CD15C54F12BCADA800A26588 /* smiley.png in Resources */,
				CDB8301E12BD6D780078FEC7 /* Sweep30FPS_ANI16BPP.mov in Resources */,
				CD674CA012BF3DB200A6EACE /* Bounce15FPS.mov in Resources */,
				CDECCF4B12D31BBE0067D2EE /* BouncingBalls01.png in Resources */,
				CDECCF4C12D31BBE0067D2EE /* BouncingBalls02.png in Resources */,
				CDECCF4D12D31BBE0067D2EE /* BouncingBalls03.png in Resources */,
				CDECCF4E12D31BBE0067D2EE /* BouncingBalls04.png in Resources */,
				CDECCF4F12D31BBE0067D2EE /* BouncingBalls05.png in Resources */,
				CDECCF5012D31BBE0067D2EE /* BouncingBalls06.png in Resources */,
				CDECCF5112D31BBE0067D2EE /* BouncingBalls07.png in Resources */,
				CDECCF5212D31BBE0067D2EE /* BouncingBalls08.png in Resources */,
				CDECCF5312D31BBE0067D2EE /* BouncingBalls09.png in Resources */,
				CDECCF5412D31BBE0067D2EE /* BouncingBalls10.png in Resources */,
				CDECCF5512D31BBE0067D2EE /* BouncingBalls11.png in Resources */,
				CDECCF5612D31BBE0067D2EE /* BouncingBalls12.png in Resources */,
				CDECCF5712D31BBE0067D2EE /* BouncingBalls13.png in Resources */,
				CDECCF5812D31BBE0067D2EE /* BouncingBalls14.png in Resources */,
				CDECCF5912D31BBE0067D2EE /* BouncingBalls15.png in Resources */,
				CDECCF5A12D31BBE0067D2EE /* BouncingBalls16.png in Resources */,
				CDECCF5B12D31BBE0067D2EE /* BouncingBalls17.png in Resources */,
				CDECCF5C12D31BBE0067D2EE /* BouncingBalls18.png in Resources */,
				CDECCF5D12D31BBE0067D2EE /* BouncingBalls19.png in Resources */,
				CDECCF5E12D31BBE0067D2EE /* BouncingBalls20.png in Resources */,
				CDECCF5F12D31BBE0067D2EE /* BouncingBalls21.png in Resources */,
				CDECCF6012D31BBE0067D2EE /* BouncingBalls22.png in Resources */,
				CDECCF6112D31BBE0067D2EE /* BouncingBalls23.png in Resources */,
				CDECCF6212D31BBE0067D2EE /* BouncingBalls24.png in Resources */,
				CDECCF6312D31BBE0067D2EE /* BouncingBalls25.png in Resources */,
				CDECCF6412D31BBE0067D2EE /* BouncingBalls26.png in Resources */,
				CDECCF6512D31BBE0067D2EE /* BouncingBalls27.png in Resources */,
				CDECCF6612D31BBE0067D2EE /* BouncingBalls28.png in Resources */,
				CDECCF6712D31BBE0067D2EE /* BouncingBalls29.png in Resources */,
				CDECCF6812D31BBE0067D2EE /* BouncingBalls30.png in Resources */,
				CDFAD89512D3D50F009DEAF3 /* Counting01.png in Resources */,
				CDFAD89612D3D50F009DEAF3 /* Counting02.png in Resources */,
				CDFAD89712D3D50F009DEAF3 /* Counting03.png in Resources */,
				CDFAD89812D3D50F009DEAF3 /* Counting04.png in Resources */,
				CDFAD89912D3D50F009DEAF3 /* Counting05.png in Resources */,
				CDFAD89A12D3D50F009DEAF3 /* Counting06.png in Resources */,
				CDFAD89B12D3D50F009DEAF3 /* Counting07.png in Resources */,
				CDFAD89C12D3D50F009DEAF3 /* Counting08.png in Resources */,
				CD7D2BF312D510CB0096EDF3 /* CountingLandscape01.png in Resources */,
				CD7D2BF412D510CB0096EDF3 /* CountingLandscape02.png in Resources */,
				CD7D2BF512D510CB0096EDF3 /* CountingLandscape03.png in Resources */,
				CD7D2BF612D510CB0096EDF3 /* CountingLandscape04.png in Resources */,
				CD7D2BF712D510CB0096EDF3 /* CountingLandscape05.png in Resources */,
			);
			runOnlyForDeploymentPostprocessing = 0;
		};
/* End PBXResourcesBuildPhase section */

/* Begin PBXSourcesBuildPhase section */
		1D60588E0D05DD3D006BFB54 /* Sources */ = {
			isa = PBXSourcesBuildPhase;
			buildActionMask = 2147483647;
			files = (
				1D60589B0D05DD56006BFB54 /* main.m in Sources */,
				1D3623260D0F684500981E51 /* QTFileParserAppAppDelegate.m in Sources */,
				28D7ACF80DDB3853001CB0EB /* QTFileParserAppViewController.m in Sources */,
				CDECC75812BC6CA6001A372F /* AVResourceLoader.m in Sources */,
				CDECC75912BC6CA6001A372F /* AVAppResourceLoader.m in Sources */,
				CDECC75A12BC6CA6001A372F /* CGFrameBuffer.m in Sources */,
				CDECC75D12BC6CBC001A372F /* AutoPropertyRelease.m in Sources */,
				CDECC75F12BC6CCC001A372F /* movdata.c in Sources */,
				CD15C2CF12BC9BDC00A26588 /* MovieControlsView.m in Sources */,
				CD15C2D012BC9BDC00A26588 /* MovieControlsViewController.m in Sources */,
				CD83D5EE12CA547300A88ABA /* MovieControlsAdaptor.m in Sources */,
				CD6198BF12CCFC640003AEAA /* AVFrameDecoder.m in Sources */,
				CD61994A12CD03FC0003AEAA /* AVQTAnimationFrameDecoder.m in Sources */,
				CD7A02F012D261A900366AC6 /* AVAnimatorView.m in Sources */,
				CDECCE7212D30FE80067D2EE /* AVPNGFrameDecoder.m in Sources */,
			);
			runOnlyForDeploymentPostprocessing = 0;
		};
/* End PBXSourcesBuildPhase section */

/* Begin XCBuildConfiguration section */
		1D6058940D05DD3E006BFB54 /* Debug */ = {
			isa = XCBuildConfiguration;
			buildSettings = {
				ALWAYS_SEARCH_USER_PATHS = NO;
				COPY_PHASE_STRIP = NO;
				FRAMEWORK_SEARCH_PATHS = (
					"$(inherited)",
					"\"$(SRCROOT)/../../iTab/iTabPracticeScreens/AVAnimatorDemo/iphoneos2.2/System/Library/Frameworks\"",
				);
				GCC_DYNAMIC_NO_PIC = NO;
				GCC_OPTIMIZATION_LEVEL = 0;
				GCC_PRECOMPILE_PREFIX_HEADER = YES;
				GCC_PREFIX_HEADER = QTFileParserApp_Prefix.pch;
				INFOPLIST_FILE = "QTFileParserApp-Info.plist";
				PRODUCT_NAME = QTFileParserApp;
			};
			name = Debug;
		};
		1D6058950D05DD3E006BFB54 /* Release */ = {
			isa = XCBuildConfiguration;
			buildSettings = {
				ALWAYS_SEARCH_USER_PATHS = NO;
				COPY_PHASE_STRIP = YES;
				FRAMEWORK_SEARCH_PATHS = (
					"$(inherited)",
					"\"$(SRCROOT)/../../iTab/iTabPracticeScreens/AVAnimatorDemo/iphoneos2.2/System/Library/Frameworks\"",
				);
				GCC_PRECOMPILE_PREFIX_HEADER = YES;
				GCC_PREFIX_HEADER = QTFileParserApp_Prefix.pch;
				INFOPLIST_FILE = "QTFileParserApp-Info.plist";
				PRODUCT_NAME = QTFileParserApp;
				VALIDATE_PRODUCT = YES;
			};
			name = Release;
		};
		C01FCF4F08A954540054247B /* Debug */ = {
			isa = XCBuildConfiguration;
			buildSettings = {
				ARCHS = "$(ARCHS_STANDARD_32_BIT)";
				"CODE_SIGN_IDENTITY[sdk=iphoneos*]" = "iPhone Developer";
				GCC_C_LANGUAGE_STANDARD = c99;
				GCC_THREADSAFE_STATICS = NO;
				GCC_WARN_ABOUT_RETURN_TYPE = YES;
				GCC_WARN_UNUSED_VARIABLE = YES;
				IPHONEOS_DEPLOYMENT_TARGET = 3.1.3;
				PREBINDING = NO;
				SDKROOT = iphoneos;
			};
			name = Debug;
		};
		C01FCF5008A954540054247B /* Release */ = {
			isa = XCBuildConfiguration;
			buildSettings = {
				ARCHS = "$(ARCHS_STANDARD_32_BIT)";
				"CODE_SIGN_IDENTITY[sdk=iphoneos*]" = "iPhone Developer";
				GCC_C_LANGUAGE_STANDARD = c99;
				GCC_STRICT_ALIASING = YES;
				GCC_THREADSAFE_STATICS = NO;
				GCC_WARN_ABOUT_RETURN_TYPE = YES;
				GCC_WARN_UNUSED_VARIABLE = YES;
				IPHONEOS_DEPLOYMENT_TARGET = 3.1.3;
				OTHER_CFLAGS = "";
				PREBINDING = NO;
				SDKROOT = iphoneos;
			};
			name = Release;
		};
/* End XCBuildConfiguration section */

/* Begin XCConfigurationList section */
		1D6058960D05DD3E006BFB54 /* Build configuration list for PBXNativeTarget "QTFileParserApp" */ = {
			isa = XCConfigurationList;
			buildConfigurations = (
				1D6058940D05DD3E006BFB54 /* Debug */,
				1D6058950D05DD3E006BFB54 /* Release */,
			);
			defaultConfigurationIsVisible = 0;
			defaultConfigurationName = Release;
		};
		C01FCF4E08A954540054247B /* Build configuration list for PBXProject "QTFileParserApp" */ = {
			isa = XCConfigurationList;
			buildConfigurations = (
				C01FCF4F08A954540054247B /* Debug */,
				C01FCF5008A954540054247B /* Release */,
			);
			defaultConfigurationIsVisible = 0;
			defaultConfigurationName = Release;
		};
/* End XCConfigurationList section */
	};
	rootObject = 29B97313FDCFA39411CA2CEA /* Project object */;
}
